// !$*UTF8*$!
{
	archiveVersion = 1;
	classes = {
	};
	objectVersion = 77;
	objects = {

/* Begin PBXContainerItemProxy section */
		9052FD3A2D8E43C200F65E1A /* PBXContainerItemProxy */ = {
			isa = PBXContainerItemProxy;
			containerPortal = 9052FD212D8E43C000F65E1A /* Project object */;
			proxyType = 1;
			remoteGlobalIDString = 9052FD282D8E43C000F65E1A;
			remoteInfo = zZz;
		};
		9052FD442D8E43C200F65E1A /* PBXContainerItemProxy */ = {
			isa = PBXContainerItemProxy;
			containerPortal = 9052FD212D8E43C000F65E1A /* Project object */;
			proxyType = 1;
			remoteGlobalIDString = 9052FD282D8E43C000F65E1A;
			remoteInfo = zZz;
		};
/* End PBXContainerItemProxy section */

/* Begin PBXFileReference section */
		9052FD292D8E43C000F65E1A /* zZz.app */ = {isa = PBXFileReference; explicitFileType = wrapper.application; includeInIndex = 0; path = zZz.app; sourceTree = BUILT_PRODUCTS_DIR; };
		9052FD392D8E43C200F65E1A /* zZzTests.xctest */ = {isa = PBXFileReference; explicitFileType = wrapper.cfbundle; includeInIndex = 0; path = zZzTests.xctest; sourceTree = BUILT_PRODUCTS_DIR; };
		9052FD432D8E43C200F65E1A /* zZzUITests.xctest */ = {isa = PBXFileReference; explicitFileType = wrapper.cfbundle; includeInIndex = 0; path = zZzUITests.xctest; sourceTree = BUILT_PRODUCTS_DIR; };
/* End PBXFileReference section */

/* Begin PBXFileSystemSynchronizedRootGroup section */
		9052FD2B2D8E43C000F65E1A /* zZz */ = {
			isa = PBXFileSystemSynchronizedRootGroup;
			path = zZz;
			sourceTree = "<group>";
		};
		9052FD3C2D8E43C200F65E1A /* zZzTests */ = {
			isa = PBXFileSystemSynchronizedRootGroup;
			path = zZzTests;
			sourceTree = "<group>";
		};
		9052FD462D8E43C200F65E1A /* zZzUITests */ = {
			isa = PBXFileSystemSynchronizedRootGroup;
			path = zZzUITests;
			sourceTree = "<group>";
		};
/* End PBXFileSystemSynchronizedRootGroup section */

/* Begin PBXFrameworksBuildPhase section */
		9052FD262D8E43C000F65E1A /* Frameworks */ = {
			isa = PBXFrameworksBuildPhase;
			buildActionMask = 2147483647;
			files = (
			);
			runOnlyForDeploymentPostprocessing = 0;
		};
		9052FD362D8E43C200F65E1A /* Frameworks */ = {
			isa = PBXFrameworksBuildPhase;
			buildActionMask = 2147483647;
			files = (
			);
			runOnlyForDeploymentPostprocessing = 0;
		};
		9052FD402D8E43C200F65E1A /* Frameworks */ = {
			isa = PBXFrameworksBuildPhase;
			buildActionMask = 2147483647;
			files = (
			);
			runOnlyForDeploymentPostprocessing = 0;
		};
/* End PBXFrameworksBuildPhase section */

/* Begin PBXGroup section */
		9052FD202D8E43C000F65E1A = {
			isa = PBXGroup;
			children = (
				9052FD2B2D8E43C000F65E1A /* zZz */,
				9052FD3C2D8E43C200F65E1A /* zZzTests */,
				9052FD462D8E43C200F65E1A /* zZzUITests */,
				9052FD2A2D8E43C000F65E1A /* Products */,
			);
			sourceTree = "<group>";
		};
		9052FD2A2D8E43C000F65E1A /* Products */ = {
			isa = PBXGroup;
			children = (
				9052FD292D8E43C000F65E1A /* zZz.app */,
				9052FD392D8E43C200F65E1A /* zZzTests.xctest */,
				9052FD432D8E43C200F65E1A /* zZzUITests.xctest */,
			);
			name = Products;
			sourceTree = "<group>";
		};
/* End PBXGroup section */

/* Begin PBXNativeTarget section */
		9052FD282D8E43C000F65E1A /* zZz */ = {
			isa = PBXNativeTarget;
			buildConfigurationList = 9052FD4D2D8E43C200F65E1A /* Build configuration list for PBXNativeTarget "zZz" */;
			buildPhases = (
				9052FD252D8E43C000F65E1A /* Sources */,
				9052FD262D8E43C000F65E1A /* Frameworks */,
				9052FD272D8E43C000F65E1A /* Resources */,
			);
			buildRules = (
			);
			dependencies = (
			);
			fileSystemSynchronizedGroups = (
				9052FD2B2D8E43C000F65E1A /* zZz */,
			);
			name = zZz;
			packageProductDependencies = (
			);
			productName = zZz;
			productReference = 9052FD292D8E43C000F65E1A /* zZz.app */;
			productType = "com.apple.product-type.application";
		};
		9052FD382D8E43C200F65E1A /* zZzTests */ = {
			isa = PBXNativeTarget;
			buildConfigurationList = 9052FD502D8E43C200F65E1A /* Build configuration list for PBXNativeTarget "zZzTests" */;
			buildPhases = (
				9052FD352D8E43C200F65E1A /* Sources */,
				9052FD362D8E43C200F65E1A /* Frameworks */,
				9052FD372D8E43C200F65E1A /* Resources */,
			);
			buildRules = (
			);
			dependencies = (
				9052FD3B2D8E43C200F65E1A /* PBXTargetDependency */,
			);
			fileSystemSynchronizedGroups = (
				9052FD3C2D8E43C200F65E1A /* zZzTests */,
			);
			name = zZzTests;
			packageProductDependencies = (
			);
			productName = zZzTests;
			productReference = 9052FD392D8E43C200F65E1A /* zZzTests.xctest */;
			productType = "com.apple.product-type.bundle.unit-test";
		};
		9052FD422D8E43C200F65E1A /* zZzUITests */ = {
			isa = PBXNativeTarget;
			buildConfigurationList = 9052FD532D8E43C200F65E1A /* Build configuration list for PBXNativeTarget "zZzUITests" */;
			buildPhases = (
				9052FD3F2D8E43C200F65E1A /* Sources */,
				9052FD402D8E43C200F65E1A /* Frameworks */,
				9052FD412D8E43C200F65E1A /* Resources */,
			);
			buildRules = (
			);
			dependencies = (
				9052FD452D8E43C200F65E1A /* PBXTargetDependency */,
			);
			fileSystemSynchronizedGroups = (
				9052FD462D8E43C200F65E1A /* zZzUITests */,
			);
			name = zZzUITests;
			packageProductDependencies = (
			);
			productName = zZzUITests;
			productReference = 9052FD432D8E43C200F65E1A /* zZzUITests.xctest */;
			productType = "com.apple.product-type.bundle.ui-testing";
		};
/* End PBXNativeTarget section */

/* Begin PBXProject section */
		9052FD212D8E43C000F65E1A /* Project object */ = {
			isa = PBXProject;
			attributes = {
				BuildIndependentTargetsInParallel = 1;
				LastSwiftUpdateCheck = 1620;
				LastUpgradeCheck = 1620;
				TargetAttributes = {
					9052FD282D8E43C000F65E1A = {
						CreatedOnToolsVersion = 16.2;
					};
					9052FD382D8E43C200F65E1A = {
						CreatedOnToolsVersion = 16.2;
						TestTargetID = 9052FD282D8E43C000F65E1A;
					};
					9052FD422D8E43C200F65E1A = {
						CreatedOnToolsVersion = 16.2;
						TestTargetID = 9052FD282D8E43C000F65E1A;
					};
				};
			};
			buildConfigurationList = 9052FD242D8E43C000F65E1A /* Build configuration list for PBXProject "zZz" */;
			developmentRegion = en;
			hasScannedForEncodings = 0;
			knownRegions = (
				en,
				Base,
			);
			mainGroup = 9052FD202D8E43C000F65E1A;
			minimizedProjectReferenceProxies = 1;
			preferredProjectObjectVersion = 77;
			productRefGroup = 9052FD2A2D8E43C000F65E1A /* Products */;
			projectDirPath = "";
			projectRoot = "";
			targets = (
				9052FD282D8E43C000F65E1A /* zZz */,
				9052FD382D8E43C200F65E1A /* zZzTests */,
				9052FD422D8E43C200F65E1A /* zZzUITests */,
			);
		};
/* End PBXProject section */

/* Begin PBXResourcesBuildPhase section */
		9052FD272D8E43C000F65E1A /* Resources */ = {
			isa = PBXResourcesBuildPhase;
			buildActionMask = 2147483647;
			files = (
			);
			runOnlyForDeploymentPostprocessing = 0;
		};
		9052FD372D8E43C200F65E1A /* Resources */ = {
			isa = PBXResourcesBuildPhase;
			buildActionMask = 2147483647;
			files = (
			);
			runOnlyForDeploymentPostprocessing = 0;
		};
		9052FD412D8E43C200F65E1A /* Resources */ = {
			isa = PBXResourcesBuildPhase;
			buildActionMask = 2147483647;
			files = (
			);
			runOnlyForDeploymentPostprocessing = 0;
		};
/* End PBXResourcesBuildPhase section */

/* Begin PBXSourcesBuildPhase section */
		9052FD252D8E43C000F65E1A /* Sources */ = {
			isa = PBXSourcesBuildPhase;
			buildActionMask = 2147483647;
			files = (
			);
			runOnlyForDeploymentPostprocessing = 0;
		};
		9052FD352D8E43C200F65E1A /* Sources */ = {
			isa = PBXSourcesBuildPhase;
			buildActionMask = 2147483647;
			files = (
			);
			runOnlyForDeploymentPostprocessing = 0;
		};
		9052FD3F2D8E43C200F65E1A /* Sources */ = {
			isa = PBXSourcesBuildPhase;
			buildActionMask = 2147483647;
			files = (
			);
			runOnlyForDeploymentPostprocessing = 0;
		};
/* End PBXSourcesBuildPhase section */

/* Begin PBXTargetDependency section */
		9052FD3B2D8E43C200F65E1A /* PBXTargetDependency */ = {
			isa = PBXTargetDependency;
			target = 9052FD282D8E43C000F65E1A /* zZz */;
			targetProxy = 9052FD3A2D8E43C200F65E1A /* PBXContainerItemProxy */;
		};
		9052FD452D8E43C200F65E1A /* PBXTargetDependency */ = {
			isa = PBXTargetDependency;
			target = 9052FD282D8E43C000F65E1A /* zZz */;
			targetProxy = 9052FD442D8E43C200F65E1A /* PBXContainerItemProxy */;
		};
/* End PBXTargetDependency section */

/* Begin XCBuildConfiguration section */
		9052FD4B2D8E43C200F65E1A /* Debug */ = {
			isa = XCBuildConfiguration;
			buildSettings = {
				ALWAYS_SEARCH_USER_PATHS = NO;
				ASSETCATALOG_COMPILER_GENERATE_SWIFT_ASSET_SYMBOL_EXTENSIONS = YES;
				CLANG_ANALYZER_NONNULL = YES;
				CLANG_ANALYZER_NUMBER_OBJECT_CONVERSION = YES_AGGRESSIVE;
				CLANG_CXX_LANGUAGE_STANDARD = "gnu++20";
				CLANG_ENABLE_MODULES = YES;
				CLANG_ENABLE_OBJC_ARC = YES;
				CLANG_ENABLE_OBJC_WEAK = YES;
				CLANG_WARN_BLOCK_CAPTURE_AUTORELEASING = YES;
				CLANG_WARN_BOOL_CONVERSION = YES;
				CLANG_WARN_COMMA = YES;
				CLANG_WARN_CONSTANT_CONVERSION = YES;
				CLANG_WARN_DEPRECATED_OBJC_IMPLEMENTATIONS = YES;
				CLANG_WARN_DIRECT_OBJC_ISA_USAGE = YES_ERROR;
				CLANG_WARN_DOCUMENTATION_COMMENTS = YES;
				CLANG_WARN_EMPTY_BODY = YES;
				CLANG_WARN_ENUM_CONVERSION = YES;
				CLANG_WARN_INFINITE_RECURSION = YES;
				CLANG_WARN_INT_CONVERSION = YES;
				CLANG_WARN_NON_LITERAL_NULL_CONVERSION = YES;
				CLANG_WARN_OBJC_IMPLICIT_RETAIN_SELF = YES;
				CLANG_WARN_OBJC_LITERAL_CONVERSION = YES;
				CLANG_WARN_OBJC_ROOT_CLASS = YES_ERROR;
				CLANG_WARN_QUOTED_INCLUDE_IN_FRAMEWORK_HEADER = YES;
				CLANG_WARN_RANGE_LOOP_ANALYSIS = YES;
				CLANG_WARN_STRICT_PROTOTYPES = YES;
				CLANG_WARN_SUSPICIOUS_MOVE = YES;
				CLANG_WARN_UNGUARDED_AVAILABILITY = YES_AGGRESSIVE;
				CLANG_WARN_UNREACHABLE_CODE = YES;
				CLANG_WARN__DUPLICATE_METHOD_MATCH = YES;
				COPY_PHASE_STRIP = NO;
				DEBUG_INFORMATION_FORMAT = dwarf;
				ENABLE_STRICT_OBJC_MSGSEND = YES;
				ENABLE_TESTABILITY = YES;
				ENABLE_USER_SCRIPT_SANDBOXING = YES;
				GCC_C_LANGUAGE_STANDARD = gnu17;
				GCC_DYNAMIC_NO_PIC = NO;
				GCC_NO_COMMON_BLOCKS = YES;
				GCC_OPTIMIZATION_LEVEL = 0;
				GCC_PREPROCESSOR_DEFINITIONS = (
					"DEBUG=1",
					"$(inherited)",
				);
				GCC_WARN_64_TO_32_BIT_CONVERSION = YES;
				GCC_WARN_ABOUT_RETURN_TYPE = YES_ERROR;
				GCC_WARN_UNDECLARED_SELECTOR = YES;
				GCC_WARN_UNINITIALIZED_AUTOS = YES_AGGRESSIVE;
				GCC_WARN_UNUSED_FUNCTION = YES;
				GCC_WARN_UNUSED_VARIABLE = YES;
				IPHONEOS_DEPLOYMENT_TARGET = 18.2;
				LOCALIZATION_PREFERS_STRING_CATALOGS = YES;
				MTL_ENABLE_DEBUG_INFO = INCLUDE_SOURCE;
				MTL_FAST_MATH = YES;
				ONLY_ACTIVE_ARCH = YES;
				SDKROOT = iphoneos;
				SWIFT_ACTIVE_COMPILATION_CONDITIONS = "DEBUG $(inherited)";
				SWIFT_OPTIMIZATION_LEVEL = "-Onone";
			};
			name = Debug;
		};
		9052FD4C2D8E43C200F65E1A /* Release */ = {
			isa = XCBuildConfiguration;
			buildSettings = {
				ALWAYS_SEARCH_USER_PATHS = NO;
				ASSETCATALOG_COMPILER_GENERATE_SWIFT_ASSET_SYMBOL_EXTENSIONS = YES;
				CLANG_ANALYZER_NONNULL = YES;
				CLANG_ANALYZER_NUMBER_OBJECT_CONVERSION = YES_AGGRESSIVE;
				CLANG_CXX_LANGUAGE_STANDARD = "gnu++20";
				CLANG_ENABLE_MODULES = YES;
				CLANG_ENABLE_OBJC_ARC = YES;
				CLANG_ENABLE_OBJC_WEAK = YES;
				CLANG_WARN_BLOCK_CAPTURE_AUTORELEASING = YES;
				CLANG_WARN_BOOL_CONVERSION = YES;
				CLANG_WARN_COMMA = YES;
				CLANG_WARN_CONSTANT_CONVERSION = YES;
				CLANG_WARN_DEPRECATED_OBJC_IMPLEMENTATIONS = YES;
				CLANG_WARN_DIRECT_OBJC_ISA_USAGE = YES_ERROR;
				CLANG_WARN_DOCUMENTATION_COMMENTS = YES;
				CLANG_WARN_EMPTY_BODY = YES;
				CLANG_WARN_ENUM_CONVERSION = YES;
				CLANG_WARN_INFINITE_RECURSION = YES;
				CLANG_WARN_INT_CONVERSION = YES;
				CLANG_WARN_NON_LITERAL_NULL_CONVERSION = YES;
				CLANG_WARN_OBJC_IMPLICIT_RETAIN_SELF = YES;
				CLANG_WARN_OBJC_LITERAL_CONVERSION = YES;
				CLANG_WARN_OBJC_ROOT_CLASS = YES_ERROR;
				CLANG_WARN_QUOTED_INCLUDE_IN_FRAMEWORK_HEADER = YES;
				CLANG_WARN_RANGE_LOOP_ANALYSIS = YES;
				CLANG_WARN_STRICT_PROTOTYPES = YES;
				CLANG_WARN_SUSPICIOUS_MOVE = YES;
				CLANG_WARN_UNGUARDED_AVAILABILITY = YES_AGGRESSIVE;
				CLANG_WARN_UNREACHABLE_CODE = YES;
				CLANG_WARN__DUPLICATE_METHOD_MATCH = YES;
				COPY_PHASE_STRIP = NO;
				DEBUG_INFORMATION_FORMAT = "dwarf-with-dsym";
				ENABLE_NS_ASSERTIONS = NO;
				ENABLE_STRICT_OBJC_MSGSEND = YES;
				ENABLE_USER_SCRIPT_SANDBOXING = YES;
				GCC_C_LANGUAGE_STANDARD = gnu17;
				GCC_NO_COMMON_BLOCKS = YES;
				GCC_WARN_64_TO_32_BIT_CONVERSION = YES;
				GCC_WARN_ABOUT_RETURN_TYPE = YES_ERROR;
				GCC_WARN_UNDECLARED_SELECTOR = YES;
				GCC_WARN_UNINITIALIZED_AUTOS = YES_AGGRESSIVE;
				GCC_WARN_UNUSED_FUNCTION = YES;
				GCC_WARN_UNUSED_VARIABLE = YES;
				IPHONEOS_DEPLOYMENT_TARGET = 18.2;
				LOCALIZATION_PREFERS_STRING_CATALOGS = YES;
				MTL_ENABLE_DEBUG_INFO = NO;
				MTL_FAST_MATH = YES;
				SDKROOT = iphoneos;
				SWIFT_COMPILATION_MODE = wholemodule;
				VALIDATE_PRODUCT = YES;
			};
			name = Release;
		};
		9052FD4E2D8E43C200F65E1A /* Debug */ = {
			isa = XCBuildConfiguration;
			buildSettings = {
				ASSETCATALOG_COMPILER_APPICON_NAME = AppIcon;
				ASSETCATALOG_COMPILER_GLOBAL_ACCENT_COLOR_NAME = AccentColor;
				CODE_SIGN_STYLE = Automatic;
				CURRENT_PROJECT_VERSION = 1;
				DEVELOPMENT_ASSET_PATHS = "\"zZz/Preview Content\"";
				ENABLE_PREVIEWS = YES;
				GENERATE_INFOPLIST_FILE = YES;
				INFOPLIST_KEY_UIApplicationSceneManifest_Generation = YES;
				INFOPLIST_KEY_UIApplicationSupportsIndirectInputEvents = YES;
				INFOPLIST_KEY_UILaunchScreen_Generation = YES;
				INFOPLIST_KEY_UISupportedInterfaceOrientations_iPad = "UIInterfaceOrientationPortrait UIInterfaceOrientationPortraitUpsideDown UIInterfaceOrientationLandscapeLeft UIInterfaceOrientationLandscapeRight";
				INFOPLIST_KEY_UISupportedInterfaceOrientations_iPhone = "UIInterfaceOrientationPortrait UIInterfaceOrientationLandscapeLeft UIInterfaceOrientationLandscapeRight";
				LD_RUNPATH_SEARCH_PATHS = (
					"$(inherited)",
					"@executable_path/Frameworks",
				);
				MARKETING_VERSION = 1.0;
				PRODUCT_BUNDLE_IDENTIFIER = EntityApplications.zZz;
				PRODUCT_NAME = "$(TARGET_NAME)";
				SWIFT_EMIT_LOC_STRINGS = YES;
				SWIFT_VERSION = 5.0;
				TARGETED_DEVICE_FAMILY = "1,2";
			};
			name = Debug;
		};
		9052FD4F2D8E43C200F65E1A /* Release */ = {
			isa = XCBuildConfiguration;
			buildSettings = {
				ASSETCATALOG_COMPILER_APPICON_NAME = AppIcon;
				ASSETCATALOG_COMPILER_GLOBAL_ACCENT_COLOR_NAME = AccentColor;
				CODE_SIGN_STYLE = Automatic;
				CURRENT_PROJECT_VERSION = 1;
				DEVELOPMENT_ASSET_PATHS = "\"zZz/Preview Content\"";
				ENABLE_PREVIEWS = YES;
				GENERATE_INFOPLIST_FILE = YES;
				INFOPLIST_KEY_UIApplicationSceneManifest_Generation = YES;
				INFOPLIST_KEY_UIApplicationSupportsIndirectInputEvents = YES;
				INFOPLIST_KEY_UILaunchScreen_Generation = YES;
				INFOPLIST_KEY_UISupportedInterfaceOrientations_iPad = "UIInterfaceOrientationPortrait UIInterfaceOrientationPortraitUpsideDown UIInterfaceOrientationLandscapeLeft UIInterfaceOrientationLandscapeRight";
				INFOPLIST_KEY_UISupportedInterfaceOrientations_iPhone = "UIInterfaceOrientationPortrait UIInterfaceOrientationLandscapeLeft UIInterfaceOrientationLandscapeRight";
				LD_RUNPATH_SEARCH_PATHS = (
					"$(inherited)",
					"@executable_path/Frameworks",
				);
				MARKETING_VERSION = 1.0;
				PRODUCT_BUNDLE_IDENTIFIER = EntityApplications.zZz;
				PRODUCT_NAME = "$(TARGET_NAME)";
				SWIFT_EMIT_LOC_STRINGS = YES;
				SWIFT_VERSION = 5.0;
				TARGETED_DEVICE_FAMILY = "1,2";
			};
			name = Release;
		};
		9052FD512D8E43C200F65E1A /* Debug */ = {
			isa = XCBuildConfiguration;
			buildSettings = {
				BUNDLE_LOADER = "$(TEST_HOST)";
				CODE_SIGN_STYLE = Automatic;
				CURRENT_PROJECT_VERSION = 1;
				GENERATE_INFOPLIST_FILE = YES;
				IPHONEOS_DEPLOYMENT_TARGET = 18.2;
				MARKETING_VERSION = 1.0;
				PRODUCT_BUNDLE_IDENTIFIER = EntityApplications.zZzTests;
				PRODUCT_NAME = "$(TARGET_NAME)";
				SWIFT_EMIT_LOC_STRINGS = NO;
				SWIFT_VERSION = 5.0;
				TARGETED_DEVICE_FAMILY = "1,2";
				TEST_HOST = "$(BUILT_PRODUCTS_DIR)/zZz.app/$(BUNDLE_EXECUTABLE_FOLDER_PATH)/zZz";
			};
			name = Debug;
		};
		9052FD522D8E43C200F65E1A /* Release */ = {
			isa = XCBuildConfiguration;
			buildSettings = {
				BUNDLE_LOADER = "$(TEST_HOST)";
				CODE_SIGN_STYLE = Automatic;
				CURRENT_PROJECT_VERSION = 1;
				GENERATE_INFOPLIST_FILE = YES;
				IPHONEOS_DEPLOYMENT_TARGET = 18.2;
				MARKETING_VERSION = 1.0;
				PRODUCT_BUNDLE_IDENTIFIER = EntityApplications.zZzTests;
				PRODUCT_NAME = "$(TARGET_NAME)";
				SWIFT_EMIT_LOC_STRINGS = NO;
				SWIFT_VERSION = 5.0;
				TARGETED_DEVICE_FAMILY = "1,2";
				TEST_HOST = "$(BUILT_PRODUCTS_DIR)/zZz.app/$(BUNDLE_EXECUTABLE_FOLDER_PATH)/zZz";
			};
			name = Release;
		};
		9052FD542D8E43C200F65E1A /* Debug */ = {
			isa = XCBuildConfiguration;
			buildSettings = {
				CODE_SIGN_STYLE = Automatic;
				CURRENT_PROJECT_VERSION = 1;
				GENERATE_INFOPLIST_FILE = YES;
				MARKETING_VERSION = 1.0;
				PRODUCT_BUNDLE_IDENTIFIER = EntityApplications.zZzUITests;
				PRODUCT_NAME = "$(TARGET_NAME)";
				SWIFT_EMIT_LOC_STRINGS = NO;
				SWIFT_VERSION = 5.0;
				TARGETED_DEVICE_FAMILY = "1,2";
				TEST_TARGET_NAME = zZz;
			};
			name = Debug;
		};
		9052FD552D8E43C200F65E1A /* Release */ = {
			isa = XCBuildConfiguration;
			buildSettings = {
				CODE_SIGN_STYLE = Automatic;
				CURRENT_PROJECT_VERSION = 1;
				GENERATE_INFOPLIST_FILE = YES;
				MARKETING_VERSION = 1.0;
				PRODUCT_BUNDLE_IDENTIFIER = EntityApplications.zZzUITests;
				PRODUCT_NAME = "$(TARGET_NAME)";
				SWIFT_EMIT_LOC_STRINGS = NO;
				SWIFT_VERSION = 5.0;
				TARGETED_DEVICE_FAMILY = "1,2";
				TEST_TARGET_NAME = zZz;
			};
			name = Release;
		};
/* End XCBuildConfiguration section */

/* Begin XCConfigurationList section */
		9052FD242D8E43C000F65E1A /* Build configuration list for PBXProject "zZz" */ = {
			isa = XCConfigurationList;
			buildConfigurations = (
				9052FD4B2D8E43C200F65E1A /* Debug */,
				9052FD4C2D8E43C200F65E1A /* Release */,
			);
			defaultConfigurationIsVisible = 0;
			defaultConfigurationName = Release;
		};
		9052FD4D2D8E43C200F65E1A /* Build configuration list for PBXNativeTarget "zZz" */ = {
			isa = XCConfigurationList;
			buildConfigurations = (
				9052FD4E2D8E43C200F65E1A /* Debug */,
				9052FD4F2D8E43C200F65E1A /* Release */,
			);
			defaultConfigurationIsVisible = 0;
			defaultConfigurationName = Release;
		};
		9052FD502D8E43C200F65E1A /* Build configuration list for PBXNativeTarget "zZzTests" */ = {
			isa = XCConfigurationList;
			buildConfigurations = (
				9052FD512D8E43C200F65E1A /* Debug */,
				9052FD522D8E43C200F65E1A /* Release */,
			);
			defaultConfigurationIsVisible = 0;
			defaultConfigurationName = Release;
		};
		9052FD532D8E43C200F65E1A /* Build configuration list for PBXNativeTarget "zZzUITests" */ = {
			isa = XCConfigurationList;
			buildConfigurations = (
				9052FD542D8E43C200F65E1A /* Debug */,
				9052FD552D8E43C200F65E1A /* Release */,
			);
			defaultConfigurationIsVisible = 0;
			defaultConfigurationName = Release;
		};
/* End XCConfigurationList section */
	};
	rootObject = 9052FD212D8E43C000F65E1A /* Project object */;
}
